
Microsoft Visual Studio Solution File, Format Version 12.00
# Visual Studio Version 16
VisualStudioVersion = 16.0.32602.291
MinimumVisualStudioVersion = 10.0.40219.1
Project("{FAE04EC0-301F-11D3-BF4B-00C04F79EFBC}") = "VendingMachine", "VendingMachine\VendingMachine.csproj", "{3F1F789C-B90E-46AD-979F-B6A92B67E91B}"
EndProject
Global
	GlobalSection(SolutionConfigurationPlatforms) = preSolution
		Debug|Any CPU = Debug|Any CPU
		Release|Any CPU = Release|Any CPU
	EndGlobalSection
	GlobalSection(ProjectConfigurationPlatforms) = postSolution
		{3F1F789C-B90E-46AD-979F-B6A92B67E91B}.Debug|Any CPU.ActiveCfg = Debug|Any CPU
		{3F1F789C-B90E-46AD-979F-B6A92B67E91B}.Debug|Any CPU.Build.0 = Debug|Any CPU
		{3F1F789C-B90E-46AD-979F-B6A92B67E91B}.Release|Any CPU.ActiveCfg = Release|Any CPU
		{3F1F789C-B90E-46AD-979F-B6A92B67E91B}.Release|Any CPU.Build.0 = Release|Any CPU
	EndGlobalSection
	GlobalSection(SolutionProperties) = preSolution
		HideSolutionNode = FALSE
	EndGlobalSection
	GlobalSection(ExtensibilityGlobals) = postSolution
		SolutionGuid = {DBECAE18-5FA2-49AA-AFD5-17497057DC8F}
	EndGlobalSection
EndGlobal
